// !$*UTF8*$!
{
	archiveVersion = 1;
	classes = {
	};
	objectVersion = 45;
	objects = {

/* Begin PBXBuildFile section */
		1D3623260D0F684500981E51 /* Simple_RPGAppDelegate.m in Sources */ = {isa = PBXBuildFile; fileRef = 1D3623250D0F684500981E51 /* Simple_RPGAppDelegate.m */; };
		1D60589B0D05DD56006BFB54 /* main.m in Sources */ = {isa = PBXBuildFile; fileRef = 29B97316FDCFA39411CA2CEA /* main.m */; };
		1D60589F0D05DD5A006BFB54 /* Foundation.framework in Frameworks */ = {isa = PBXBuildFile; fileRef = 1D30AB110D05D00D00671497 /* Foundation.framework */; };
		1DF5F4E00D08C38300B7A737 /* UIKit.framework in Frameworks */ = {isa = PBXBuildFile; fileRef = 1DF5F4DF0D08C38300B7A737 /* UIKit.framework */; };
		288765A50DF7441C002DB57D /* CoreGraphics.framework in Frameworks */ = {isa = PBXBuildFile; fileRef = 288765A40DF7441C002DB57D /* CoreGraphics.framework */; };
		2899E5220DE3E06400AC0155 /* Simple_RPGViewController.xib in Resources */ = {isa = PBXBuildFile; fileRef = 2899E5210DE3E06400AC0155 /* Simple_RPGViewController.xib */; };
		28AD733F0D9D9553002E5188 /* MainWindow.xib in Resources */ = {isa = PBXBuildFile; fileRef = 28AD733E0D9D9553002E5188 /* MainWindow.xib */; };
		28D7ACF80DDB3853001CB0EB /* Simple_RPGViewController.m in Sources */ = {isa = PBXBuildFile; fileRef = 28D7ACF70DDB3853001CB0EB /* Simple_RPGViewController.m */; };
		34012E20108EA3C0000D7306 /* Menu Button.png in Resources */ = {isa = PBXBuildFile; fileRef = 34012E1B108EA3C0000D7306 /* Menu Button.png */; };
		340BADA5109CC03C00A6F33B /* NpcData.m in Sources */ = {isa = PBXBuildFile; fileRef = 340BADA4109CC03C00A6F33B /* NpcData.m */; };
		341BB5D61087436000779A86 /* Icon.png in Resources */ = {isa = PBXBuildFile; fileRef = 341BB5D51087436000779A86 /* Icon.png */; };
		341DA51D10E950AA00565ED6 /* Item 0.png in Resources */ = {isa = PBXBuildFile; fileRef = 341DA51C10E950AA00565ED6 /* Item 0.png */; };
		341DA54810E95A9200565ED6 /* Item.m in Sources */ = {isa = PBXBuildFile; fileRef = 341DA54710E95A9200565ED6 /* Item.m */; };
		3422B1DE10894AB700495662 /* options.png in Resources */ = {isa = PBXBuildFile; fileRef = 3422B1DB10894AB700495662 /* options.png */; };
		3422B1DF10894AB700495662 /* credits.png in Resources */ = {isa = PBXBuildFile; fileRef = 3422B1DC10894AB700495662 /* credits.png */; };
		3422B1E210894B7800495662 /* instructions.png in Resources */ = {isa = PBXBuildFile; fileRef = 3422B1E110894B7800495662 /* instructions.png */; };
		3432063110A85B3400E4E46E /* Npc 0.png in Resources */ = {isa = PBXBuildFile; fileRef = 3432063010A85B3400E4E46E /* Npc 0.png */; };
		343206DE10A8699F00E4E46E /* Npc 2.png in Resources */ = {isa = PBXBuildFile; fileRef = 343206DD10A8699F00E4E46E /* Npc 2.png */; };
		34356A1F1104ADBE009D9049 /* mainmenu.png in Resources */ = {isa = PBXBuildFile; fileRef = 34356A1E1104ADBE009D9049 /* mainmenu.png */; };
		344578F410933E710017CF1B /* background.png in Resources */ = {isa = PBXBuildFile; fileRef = 344578F310933E710017CF1B /* background.png */; };
		3445795D1093466B0017CF1B /* PlayerData.m in Sources */ = {isa = PBXBuildFile; fileRef = 3445795C1093466B0017CF1B /* PlayerData.m */; };
		3448C1E6109E34560087EF5F /* Npc 1.png in Resources */ = {isa = PBXBuildFile; fileRef = 3448C1E4109E34560087EF5F /* Npc 1.png */; };
		3463F32C10F4D94400F148B9 /* event 1.png in Resources */ = {isa = PBXBuildFile; fileRef = 3463F32B10F4D94400F148B9 /* event 1.png */; };
		346EC28E10E36ED60055F3C1 /* DamageEffect.m in Sources */ = {isa = PBXBuildFile; fileRef = 346EC28D10E36ED60055F3C1 /* DamageEffect.m */; };
		349A948F1086940C00655B9A /* GameView.m in Sources */ = {isa = PBXBuildFile; fileRef = 349A948E1086940C00655B9A /* GameView.m */; };
		34ACD17810D5795B00D4407B /* event 0.png in Resources */ = {isa = PBXBuildFile; fileRef = 34ACD17710D5795B00D4407B /* event 0.png */; };
		34BC1CF31119C11D001FF485 /* Npc 4.png in Resources */ = {isa = PBXBuildFile; fileRef = 34BC1CF01119C11D001FF485 /* Npc 4.png */; };
		34BC1CF41119C11D001FF485 /* Npc 3.png in Resources */ = {isa = PBXBuildFile; fileRef = 34BC1CF11119C11D001FF485 /* Npc 3.png */; };
		34BC1CF51119C11D001FF485 /* Npc 5.png in Resources */ = {isa = PBXBuildFile; fileRef = 34BC1CF21119C11D001FF485 /* Npc 5.png */; };
		34BD79F51117934800216345 /* charactermenu.png in Resources */ = {isa = PBXBuildFile; fileRef = 34BD79F41117934800216345 /* charactermenu.png */; };
		34C4A9D51092425A0029463A /* MapData.m in Sources */ = {isa = PBXBuildFile; fileRef = 34C4A9D41092425A0029463A /* MapData.m */; };
		34C4A9E6109243A50029463A /* TileData.m in Sources */ = {isa = PBXBuildFile; fileRef = 34C4A9E5109243A50029463A /* TileData.m */; };
		34C6156F111C6054003F2F3B /* SpellEffect.m in Sources */ = {isa = PBXBuildFile; fileRef = 34C6156E111C6054003F2F3B /* SpellEffect.m */; };
		34C71821111903FF00701D88 /* savemenu.png in Resources */ = {isa = PBXBuildFile; fileRef = 34C71820111903FF00701D88 /* savemenu.png */; };
		34C7190311191F6F00701D88 /* Map 0.png in Resources */ = {isa = PBXBuildFile; fileRef = 34C7190211191F6F00701D88 /* Map 0.png */; };
		34E368F01121A7F40073D8DD /* Lightning 1.png in Resources */ = {isa = PBXBuildFile; fileRef = 34E368EC1121A7F40073D8DD /* Lightning 1.png */; };
		34E368F11121A7F40073D8DD /* Lightning 2.png in Resources */ = {isa = PBXBuildFile; fileRef = 34E368ED1121A7F40073D8DD /* Lightning 2.png */; };
		34E368F21121A7F40073D8DD /* Lightning 4.png in Resources */ = {isa = PBXBuildFile; fileRef = 34E368EE1121A7F40073D8DD /* Lightning 4.png */; };
		34E368F31121A7F40073D8DD /* Lightning 3.png in Resources */ = {isa = PBXBuildFile; fileRef = 34E368EF1121A7F40073D8DD /* Lightning 3.png */; };
		34E559561093A7C2004F70FC /* old mainmenu.png in Resources */ = {isa = PBXBuildFile; fileRef = 34E559551093A7C2004F70FC /* old mainmenu.png */; };
/* End PBXBuildFile section */

/* Begin PBXFileReference section */
		1D30AB110D05D00D00671497 /* Foundation.framework */ = {isa = PBXFileReference; lastKnownFileType = wrapper.framework; name = Foundation.framework; path = System/Library/Frameworks/Foundation.framework; sourceTree = SDKROOT; };
		1D3623240D0F684500981E51 /* Simple_RPGAppDelegate.h */ = {isa = PBXFileReference; fileEncoding = 4; lastKnownFileType = sourcecode.c.h; path = Simple_RPGAppDelegate.h; sourceTree = "<group>"; };
		1D3623250D0F684500981E51 /* Simple_RPGAppDelegate.m */ = {isa = PBXFileReference; fileEncoding = 4; lastKnownFileType = sourcecode.c.objc; path = Simple_RPGAppDelegate.m; sourceTree = "<group>"; };
		1D6058910D05DD3D006BFB54 /* Simple RPG.app */ = {isa = PBXFileReference; explicitFileType = wrapper.application; includeInIndex = 0; path = "Simple RPG.app"; sourceTree = BUILT_PRODUCTS_DIR; };
		1DF5F4DF0D08C38300B7A737 /* UIKit.framework */ = {isa = PBXFileReference; lastKnownFileType = wrapper.framework; name = UIKit.framework; path = System/Library/Frameworks/UIKit.framework; sourceTree = SDKROOT; };
		288765A40DF7441C002DB57D /* CoreGraphics.framework */ = {isa = PBXFileReference; lastKnownFileType = wrapper.framework; name = CoreGraphics.framework; path = System/Library/Frameworks/CoreGraphics.framework; sourceTree = SDKROOT; };
		2899E5210DE3E06400AC0155 /* Simple_RPGViewController.xib */ = {isa = PBXFileReference; lastKnownFileType = file.xib; path = Simple_RPGViewController.xib; sourceTree = "<group>"; };
		28AD733E0D9D9553002E5188 /* MainWindow.xib */ = {isa = PBXFileReference; lastKnownFileType = file.xib; path = MainWindow.xib; sourceTree = "<group>"; };
		28D7ACF60DDB3853001CB0EB /* Simple_RPGViewController.h */ = {isa = PBXFileReference; fileEncoding = 4; lastKnownFileType = sourcecode.c.h; path = Simple_RPGViewController.h; sourceTree = "<group>"; };
		28D7ACF70DDB3853001CB0EB /* Simple_RPGViewController.m */ = {isa = PBXFileReference; fileEncoding = 4; lastKnownFileType = sourcecode.c.objc; path = Simple_RPGViewController.m; sourceTree = "<group>"; };
		29B97316FDCFA39411CA2CEA /* main.m */ = {isa = PBXFileReference; fileEncoding = 4; lastKnownFileType = sourcecode.c.objc; path = main.m; sourceTree = "<group>"; };
		32CA4F630368D1EE00C91783 /* Simple_RPG_Prefix.pch */ = {isa = PBXFileReference; fileEncoding = 4; lastKnownFileType = sourcecode.c.h; path = Simple_RPG_Prefix.pch; sourceTree = "<group>"; };
		34012E1B108EA3C0000D7306 /* Menu Button.png */ = {isa = PBXFileReference; lastKnownFileType = image.png; path = "Menu Button.png"; sourceTree = "<group>"; };
		340BADA3109CC03C00A6F33B /* NpcData.h */ = {isa = PBXFileReference; fileEncoding = 4; lastKnownFileType = sourcecode.c.h; path = NpcData.h; sourceTree = "<group>"; };
		340BADA4109CC03C00A6F33B /* NpcData.m */ = {isa = PBXFileReference; fileEncoding = 4; lastKnownFileType = sourcecode.c.objc; path = NpcData.m; sourceTree = "<group>"; };
		341BB5D51087436000779A86 /* Icon.png */ = {isa = PBXFileReference; lastKnownFileType = image.png; path = Icon.png; sourceTree = "<group>"; };
		341DA51C10E950AA00565ED6 /* Item 0.png */ = {isa = PBXFileReference; lastKnownFileType = image.png; path = "Item 0.png"; sourceTree = "<group>"; };
		341DA54610E95A9200565ED6 /* Item.h */ = {isa = PBXFileReference; fileEncoding = 4; lastKnownFileType = sourcecode.c.h; path = Item.h; sourceTree = "<group>"; };
		341DA54710E95A9200565ED6 /* Item.m */ = {isa = PBXFileReference; fileEncoding = 4; lastKnownFileType = sourcecode.c.objc; path = Item.m; sourceTree = "<group>"; };
		3422B1DB10894AB700495662 /* options.png */ = {isa = PBXFileReference; lastKnownFileType = image.png; path = options.png; sourceTree = "<group>"; };
		3422B1DC10894AB700495662 /* credits.png */ = {isa = PBXFileReference; lastKnownFileType = image.png; path = credits.png; sourceTree = "<group>"; };
		3422B1E110894B7800495662 /* instructions.png */ = {isa = PBXFileReference; lastKnownFileType = image.png; path = instructions.png; sourceTree = "<group>"; };
		3432063010A85B3400E4E46E /* Npc 0.png */ = {isa = PBXFileReference; lastKnownFileType = image.png; path = "Npc 0.png"; sourceTree = "<group>"; };
		343206DD10A8699F00E4E46E /* Npc 2.png */ = {isa = PBXFileReference; lastKnownFileType = image.png; path = "Npc 2.png"; sourceTree = "<group>"; };
		34356A1E1104ADBE009D9049 /* mainmenu.png */ = {isa = PBXFileReference; lastKnownFileType = image.png; path = mainmenu.png; sourceTree = "<group>"; };
		344578F310933E710017CF1B /* background.png */ = {isa = PBXFileReference; lastKnownFileType = image.png; path = background.png; sourceTree = "<group>"; };
		3445795B1093466B0017CF1B /* PlayerData.h */ = {isa = PBXFileReference; fileEncoding = 4; lastKnownFileType = sourcecode.c.h; path = PlayerData.h; sourceTree = "<group>"; };
		3445795C1093466B0017CF1B /* PlayerData.m */ = {isa = PBXFileReference; fileEncoding = 4; lastKnownFileType = sourcecode.c.objc; path = PlayerData.m; sourceTree = "<group>"; };
		3448C1E4109E34560087EF5F /* Npc 1.png */ = {isa = PBXFileReference; lastKnownFileType = image.png; path = "Npc 1.png"; sourceTree = "<group>"; };
		3463F32B10F4D94400F148B9 /* event 1.png */ = {isa = PBXFileReference; lastKnownFileType = image.png; path = "event 1.png"; sourceTree = "<group>"; };
		346EC28C10E36ED60055F3C1 /* DamageEffect.h */ = {isa = PBXFileReference; fileEncoding = 4; lastKnownFileType = sourcecode.c.h; path = DamageEffect.h; sourceTree = "<group>"; };
		346EC28D10E36ED60055F3C1 /* DamageEffect.m */ = {isa = PBXFileReference; fileEncoding = 4; lastKnownFileType = sourcecode.c.objc; path = DamageEffect.m; sourceTree = "<group>"; };
		349A948D1086940C00655B9A /* GameView.h */ = {isa = PBXFileReference; fileEncoding = 4; lastKnownFileType = sourcecode.c.h; name = GameView.h; path = ../GameView.h; sourceTree = "<group>"; };
		349A948E1086940C00655B9A /* GameView.m */ = {isa = PBXFileReference; fileEncoding = 4; lastKnownFileType = sourcecode.c.objc; name = GameView.m; path = ../GameView.m; sourceTree = "<group>"; };
		34ACD17710D5795B00D4407B /* event 0.png */ = {isa = PBXFileReference; lastKnownFileType = image.png; path = "event 0.png"; sourceTree = "<group>"; };
		34BC1CF01119C11D001FF485 /* Npc 4.png */ = {isa = PBXFileReference; lastKnownFileType = image.png; path = "Npc 4.png"; sourceTree = "<group>"; };
		34BC1CF11119C11D001FF485 /* Npc 3.png */ = {isa = PBXFileReference; lastKnownFileType = image.png; path = "Npc 3.png"; sourceTree = "<group>"; };
		34BC1CF21119C11D001FF485 /* Npc 5.png */ = {isa = PBXFileReference; lastKnownFileType = image.png; path = "Npc 5.png"; sourceTree = "<group>"; };
		34BD79F41117934800216345 /* charactermenu.png */ = {isa = PBXFileReference; lastKnownFileType = image.png; path = charactermenu.png; sourceTree = "<group>"; };
		34C4A9D31092425A0029463A /* MapData.h */ = {isa = PBXFileReference; fileEncoding = 4; lastKnownFileType = sourcecode.c.h; name = MapData.h; path = ../MapData.h; sourceTree = "<group>"; };
		34C4A9D41092425A0029463A /* MapData.m */ = {isa = PBXFileReference; fileEncoding = 4; lastKnownFileType = sourcecode.c.objc; name = MapData.m; path = ../MapData.m; sourceTree = "<group>"; };
		34C4A9E4109243A50029463A /* TileData.h */ = {isa = PBXFileReference; fileEncoding = 4; lastKnownFileType = sourcecode.c.h; name = TileData.h; path = ../TileData.h; sourceTree = "<group>"; };
		34C4A9E5109243A50029463A /* TileData.m */ = {isa = PBXFileReference; fileEncoding = 4; lastKnownFileType = sourcecode.c.objc; name = TileData.m; path = ../TileData.m; sourceTree = "<group>"; };
		34C6156D111C6054003F2F3B /* SpellEffect.h */ = {isa = PBXFileReference; fileEncoding = 4; lastKnownFileType = sourcecode.c.h; path = SpellEffect.h; sourceTree = "<group>"; };
		34C6156E111C6054003F2F3B /* SpellEffect.m */ = {isa = PBXFileReference; fileEncoding = 4; lastKnownFileType = sourcecode.c.objc; path = SpellEffect.m; sourceTree = "<group>"; };
		34C71820111903FF00701D88 /* savemenu.png */ = {isa = PBXFileReference; lastKnownFileType = image.png; path = savemenu.png; sourceTree = "<group>"; };
		34C7190211191F6F00701D88 /* Map 0.png */ = {isa = PBXFileReference; lastKnownFileType = image.png; path = "Map 0.png"; sourceTree = "<group>"; };
		34E368EC1121A7F40073D8DD /* Lightning 1.png */ = {isa = PBXFileReference; lastKnownFileType = image.png; path = "Lightning 1.png"; sourceTree = "<group>"; };
		34E368ED1121A7F40073D8DD /* Lightning 2.png */ = {isa = PBXFileReference; lastKnownFileType = image.png; path = "Lightning 2.png"; sourceTree = "<group>"; };
		34E368EE1121A7F40073D8DD /* Lightning 4.png */ = {isa = PBXFileReference; lastKnownFileType = image.png; path = "Lightning 4.png"; sourceTree = "<group>"; };
		34E368EF1121A7F40073D8DD /* Lightning 3.png */ = {isa = PBXFileReference; lastKnownFileType = image.png; path = "Lightning 3.png"; sourceTree = "<group>"; };
		34E559551093A7C2004F70FC /* old mainmenu.png */ = {isa = PBXFileReference; lastKnownFileType = image.png; path = "old mainmenu.png"; sourceTree = "<group>"; };
		8D1107310486CEB800E47090 /* Simple_RPG-Info.plist */ = {isa = PBXFileReference; fileEncoding = 4; lastKnownFileType = text.plist.xml; path = "Simple_RPG-Info.plist"; plistStructureDefinitionIdentifier = "com.apple.xcode.plist.structure-definition.iphone.info-plist"; sourceTree = "<group>"; };
/* End PBXFileReference section */

/* Begin PBXFrameworksBuildPhase section */
		1D60588F0D05DD3D006BFB54 /* Frameworks */ = {
			isa = PBXFrameworksBuildPhase;
			buildActionMask = 2147483647;
			files = (
				1D60589F0D05DD5A006BFB54 /* Foundation.framework in Frameworks */,
				1DF5F4E00D08C38300B7A737 /* UIKit.framework in Frameworks */,
				288765A50DF7441C002DB57D /* CoreGraphics.framework in Frameworks */,
			);
			runOnlyForDeploymentPostprocessing = 0;
		};
/* End PBXFrameworksBuildPhase section */

/* Begin PBXGroup section */
		080E96DDFE201D6D7F000001 /* Classes */ = {
			isa = PBXGroup;
			children = (
				341DA55510E95E1500565ED6 /* App Controller and Other */,
				341DA55410E95E0800565ED6 /* Map Data */,
				341DA55310E95DFC00565ED6 /* Tile Data */,
				341DA55210E95DEE00565ED6 /* Player Data */,
				341DA54F10E95DD000565ED6 /* Npc Data */,
				341DA54E10E95DBF00565ED6 /* Item Data */,
				341DA54D10E95DAB00565ED6 /* Damage Effect */,
				34C61563111C600A003F2F3B /* Spell Effect */,
				349A948D1086940C00655B9A /* GameView.h */,
				349A948E1086940C00655B9A /* GameView.m */,
			);
			path = Classes;
			sourceTree = "<group>";
		};
		19C28FACFE9D520D11CA2CBB /* Products */ = {
			isa = PBXGroup;
			children = (
				1D6058910D05DD3D006BFB54 /* Simple RPG.app */,
			);
			name = Products;
			sourceTree = "<group>";
		};
		29B97314FDCFA39411CA2CEA /* CustomTemplate */ = {
			isa = PBXGroup;
			children = (
				341DA50110E94C2300565ED6 /* Images */,
				080E96DDFE201D6D7F000001 /* Classes */,
				29B97315FDCFA39411CA2CEA /* Other Sources */,
				29B97317FDCFA39411CA2CEA /* Resources */,
				29B97323FDCFA39411CA2CEA /* Frameworks */,
				19C28FACFE9D520D11CA2CBB /* Products */,
			);
			name = CustomTemplate;
			sourceTree = "<group>";
		};
		29B97315FDCFA39411CA2CEA /* Other Sources */ = {
			isa = PBXGroup;
			children = (
				32CA4F630368D1EE00C91783 /* Simple_RPG_Prefix.pch */,
				29B97316FDCFA39411CA2CEA /* main.m */,
			);
			name = "Other Sources";
			sourceTree = "<group>";
		};
		29B97317FDCFA39411CA2CEA /* Resources */ = {
			isa = PBXGroup;
			children = (
				341BB5D51087436000779A86 /* Icon.png */,
				2899E5210DE3E06400AC0155 /* Simple_RPGViewController.xib */,
				28AD733E0D9D9553002E5188 /* MainWindow.xib */,
				8D1107310486CEB800E47090 /* Simple_RPG-Info.plist */,
			);
			name = Resources;
			sourceTree = "<group>";
		};
		29B97323FDCFA39411CA2CEA /* Frameworks */ = {
			isa = PBXGroup;
			children = (
				1DF5F4DF0D08C38300B7A737 /* UIKit.framework */,
				1D30AB110D05D00D00671497 /* Foundation.framework */,
				288765A40DF7441C002DB57D /* CoreGraphics.framework */,
			);
			name = Frameworks;
			sourceTree = "<group>";
		};
		341DA50110E94C2300565ED6 /* Images */ = {
			isa = PBXGroup;
			children = (
				34C61534111C5E2C003F2F3B /* Battle GFX */,
				341DA51B10E94EB200565ED6 /* Items */,
				341DA50610E94C7000565ED6 /* Interfaces */,
				341DA50510E94C6600565ED6 /* Maps */,
				341DA50410E94C5A00565ED6 /* Events */,
				341DA50310E94C2C00565ED6 /* Character Sprites */,
			);
			name = Images;
			sourceTree = "<group>";
		};
		341DA50310E94C2C00565ED6 /* Character Sprites */ = {
			isa = PBXGroup;
			children = (
				34BC1CF01119C11D001FF485 /* Npc 4.png */,
				34BC1CF11119C11D001FF485 /* Npc 3.png */,
				34BC1CF21119C11D001FF485 /* Npc 5.png */,
				3432063010A85B3400E4E46E /* Npc 0.png */,
				3448C1E4109E34560087EF5F /* Npc 1.png */,
				343206DD10A8699F00E4E46E /* Npc 2.png */,
			);
			name = "Character Sprites";
			sourceTree = "<group>";
		};
		341DA50410E94C5A00565ED6 /* Events */ = {
			isa = PBXGroup;
			children = (
				3463F32B10F4D94400F148B9 /* event 1.png */,
				34ACD17710D5795B00D4407B /* event 0.png */,
			);
			name = Events;
			sourceTree = "<group>";
		};
		341DA50510E94C6600565ED6 /* Maps */ = {
			isa = PBXGroup;
			children = (
				34C7190211191F6F00701D88 /* Map 0.png */,
			);
			name = Maps;
			sourceTree = "<group>";
		};
		341DA50610E94C7000565ED6 /* Interfaces */ = {
			isa = PBXGroup;
			children = (
				34C71820111903FF00701D88 /* savemenu.png */,
				34BD79F41117934800216345 /* charactermenu.png */,
				34356A1E1104ADBE009D9049 /* mainmenu.png */,
				34E559551093A7C2004F70FC /* old mainmenu.png */,
				344578F310933E710017CF1B /* background.png */,
				34012E1B108EA3C0000D7306 /* Menu Button.png */,
				3422B1E110894B7800495662 /* instructions.png */,
				3422B1DB10894AB700495662 /* options.png */,
				3422B1DC10894AB700495662 /* credits.png */,
			);
			name = Interfaces;
			sourceTree = "<group>";
		};
		341DA51B10E94EB200565ED6 /* Items */ = {
			isa = PBXGroup;
			children = (
				341DA51C10E950AA00565ED6 /* Item 0.png */,
			);
			name = Items;
			sourceTree = "<group>";
		};
		341DA54D10E95DAB00565ED6 /* Damage Effect */ = {
			isa = PBXGroup;
			children = (
				346EC28C10E36ED60055F3C1 /* DamageEffect.h */,
				346EC28D10E36ED60055F3C1 /* DamageEffect.m */,
			);
			name = "Damage Effect";
			sourceTree = "<group>";
		};
		341DA54E10E95DBF00565ED6 /* Item Data */ = {
			isa = PBXGroup;
			children = (
				341DA54610E95A9200565ED6 /* Item.h */,
				341DA54710E95A9200565ED6 /* Item.m */,
			);
			name = "Item Data";
			sourceTree = "<group>";
		};
		341DA54F10E95DD000565ED6 /* Npc Data */ = {
			isa = PBXGroup;
			children = (
				340BADA3109CC03C00A6F33B /* NpcData.h */,
				340BADA4109CC03C00A6F33B /* NpcData.m */,
			);
			name = "Npc Data";
			sourceTree = "<group>";
		};
		341DA55210E95DEE00565ED6 /* Player Data */ = {
			isa = PBXGroup;
			children = (
				3445795B1093466B0017CF1B /* PlayerData.h */,
				3445795C1093466B0017CF1B /* PlayerData.m */,
			);
			name = "Player Data";
			sourceTree = "<group>";
		};
		341DA55310E95DFC00565ED6 /* Tile Data */ = {
			isa = PBXGroup;
			children = (
				34C4A9E4109243A50029463A /* TileData.h */,
				34C4A9E5109243A50029463A /* TileData.m */,
			);
			name = "Tile Data";
			sourceTree = "<group>";
		};
		341DA55410E95E0800565ED6 /* Map Data */ = {
			isa = PBXGroup;
			children = (
				34C4A9D31092425A0029463A /* MapData.h */,
				34C4A9D41092425A0029463A /* MapData.m */,
			);
			name = "Map Data";
			sourceTree = "<group>";
		};
		341DA55510E95E1500565ED6 /* App Controller and Other */ = {
			isa = PBXGroup;
			children = (
				1D3623240D0F684500981E51 /* Simple_RPGAppDelegate.h */,
				1D3623250D0F684500981E51 /* Simple_RPGAppDelegate.m */,
				28D7ACF60DDB3853001CB0EB /* Simple_RPGViewController.h */,
				28D7ACF70DDB3853001CB0EB /* Simple_RPGViewController.m */,
			);
			name = "App Controller and Other";
			sourceTree = "<group>";
		};
		34C61534111C5E2C003F2F3B /* Battle GFX */ = {
			isa = PBXGroup;
			children = (
				34C6153F111C5E91003F2F3B /* Lightning */,
			);
			name = "Battle GFX";
			sourceTree = "<group>";
		};
		34C6153F111C5E91003F2F3B /* Lightning */ = {
			isa = PBXGroup;
			children = (
				34E368EC1121A7F40073D8DD /* Lightning 1.png */,
				34E368ED1121A7F40073D8DD /* Lightning 2.png */,
				34E368EE1121A7F40073D8DD /* Lightning 4.png */,
				34E368EF1121A7F40073D8DD /* Lightning 3.png */,
			);
			path = Lightning;
			sourceTree = "<group>";
		};
		34C61563111C600A003F2F3B /* Spell Effect */ = {
			isa = PBXGroup;
			children = (
				34C6156D111C6054003F2F3B /* SpellEffect.h */,
				34C6156E111C6054003F2F3B /* SpellEffect.m */,
			);
			name = "Spell Effect";
			sourceTree = "<group>";
		};
/* End PBXGroup section */

/* Begin PBXNativeTarget section */
		1D6058900D05DD3D006BFB54 /* Simple RPG OLD */ = {
			isa = PBXNativeTarget;
			buildConfigurationList = 1D6058960D05DD3E006BFB54 /* Build configuration list for PBXNativeTarget "Simple RPG OLD" */;
			buildPhases = (
				1D60588D0D05DD3D006BFB54 /* Resources */,
				1D60588E0D05DD3D006BFB54 /* Sources */,
				1D60588F0D05DD3D006BFB54 /* Frameworks */,
			);
			buildRules = (
			);
			dependencies = (
			);
			name = "Simple RPG OLD";
			productName = "Simple RPG";
			productReference = 1D6058910D05DD3D006BFB54 /* Simple RPG.app */;
			productType = "com.apple.product-type.application";
		};
/* End PBXNativeTarget section */

/* Begin PBXProject section */
		29B97313FDCFA39411CA2CEA /* Project object */ = {
			isa = PBXProject;
			attributes = {
				BuildIndependentTargetsInParallel = NO;
			};
			buildConfigurationList = C01FCF4E08A954540054247B /* Build configuration list for PBXProject "Simple RPG" */;
			compatibilityVersion = "Xcode 3.1";
			developmentRegion = English;
			hasScannedForEncodings = 1;
			knownRegions = (
				English,
				Japanese,
				French,
				German,
			);
			mainGroup = 29B97314FDCFA39411CA2CEA /* CustomTemplate */;
			projectDirPath = "";
			projectRoot = "";
			targets = (
				1D6058900D05DD3D006BFB54 /* Simple RPG OLD */,
			);
		};
/* End PBXProject section */

/* Begin PBXResourcesBuildPhase section */
		1D60588D0D05DD3D006BFB54 /* Resources */ = {
			isa = PBXResourcesBuildPhase;
			buildActionMask = 2147483647;
			files = (
				28AD733F0D9D9553002E5188 /* MainWindow.xib in Resources */,
				2899E5220DE3E06400AC0155 /* Simple_RPGViewController.xib in Resources */,
				341BB5D61087436000779A86 /* Icon.png in Resources */,
				3422B1DE10894AB700495662 /* options.png in Resources */,
				3422B1DF10894AB700495662 /* credits.png in Resources */,
				3422B1E210894B7800495662 /* instructions.png in Resources */,
				34012E20108EA3C0000D7306 /* Menu Button.png in Resources */,
				344578F410933E710017CF1B /* background.png in Resources */,
				34E559561093A7C2004F70FC /* old mainmenu.png in Resources */,
				3448C1E6109E34560087EF5F /* Npc 1.png in Resources */,
				3432063110A85B3400E4E46E /* Npc 0.png in Resources */,
				343206DE10A8699F00E4E46E /* Npc 2.png in Resources */,
				34ACD17810D5795B00D4407B /* event 0.png in Resources */,
				341DA51D10E950AA00565ED6 /* Item 0.png in Resources */,
				3463F32C10F4D94400F148B9 /* event 1.png in Resources */,
				34356A1F1104ADBE009D9049 /* mainmenu.png in Resources */,
				34BD79F51117934800216345 /* charactermenu.png in Resources */,
				34C71821111903FF00701D88 /* savemenu.png in Resources */,
				34C7190311191F6F00701D88 /* Map 0.png in Resources */,
				34BC1CF31119C11D001FF485 /* Npc 4.png in Resources */,
				34BC1CF41119C11D001FF485 /* Npc 3.png in Resources */,
				34BC1CF51119C11D001FF485 /* Npc 5.png in Resources */,
				34E368F01121A7F40073D8DD /* Lightning 1.png in Resources */,
				34E368F11121A7F40073D8DD /* Lightning 2.png in Resources */,
				34E368F21121A7F40073D8DD /* Lightning 4.png in Resources */,
				34E368F31121A7F40073D8DD /* Lightning 3.png in Resources */,
			);
			runOnlyForDeploymentPostprocessing = 0;
		};
/* End PBXResourcesBuildPhase section */

/* Begin PBXSourcesBuildPhase section */
		1D60588E0D05DD3D006BFB54 /* Sources */ = {
			isa = PBXSourcesBuildPhase;
			buildActionMask = 2147483647;
			files = (
				1D60589B0D05DD56006BFB54 /* main.m in Sources */,
				1D3623260D0F684500981E51 /* Simple_RPGAppDelegate.m in Sources */,
				28D7ACF80DDB3853001CB0EB /* Simple_RPGViewController.m in Sources */,
				349A948F1086940C00655B9A /* GameView.m in Sources */,
				34C4A9D51092425A0029463A /* MapData.m in Sources */,
				34C4A9E6109243A50029463A /* TileData.m in Sources */,
				3445795D1093466B0017CF1B /* PlayerData.m in Sources */,
				340BADA5109CC03C00A6F33B /* NpcData.m in Sources */,
				346EC28E10E36ED60055F3C1 /* DamageEffect.m in Sources */,
				341DA54810E95A9200565ED6 /* Item.m in Sources */,
				34C6156F111C6054003F2F3B /* SpellEffect.m in Sources */,
			);
			runOnlyForDeploymentPostprocessing = 0;
		};
/* End PBXSourcesBuildPhase section */

/* Begin XCBuildConfiguration section */
		1D6058940D05DD3E006BFB54 /* Debug */ = {
			isa = XCBuildConfiguration;
			buildSettings = {
				ALWAYS_SEARCH_USER_PATHS = NO;
				COPY_PHASE_STRIP = NO;
				GCC_DYNAMIC_NO_PIC = NO;
				GCC_OPTIMIZATION_LEVEL = 0;
				GCC_PRECOMPILE_PREFIX_HEADER = YES;
				GCC_PREFIX_HEADER = Simple_RPG_Prefix.pch;
				INFOPLIST_FILE = "Simple_RPG-Info.plist";
				PRODUCT_NAME = "Simple RPG OLD";
			};
			name = Debug;
		};
		1D6058950D05DD3E006BFB54 /* Release */ = {
			isa = XCBuildConfiguration;
			buildSettings = {
				ALWAYS_SEARCH_USER_PATHS = NO;
				COPY_PHASE_STRIP = YES;
				GCC_PRECOMPILE_PREFIX_HEADER = YES;
				GCC_PREFIX_HEADER = Simple_RPG_Prefix.pch;
				INFOPLIST_FILE = "Simple_RPG-Info.plist";
				PRODUCT_NAME = "Simple RPG";
			};
			name = Release;
		};
		C01FCF4F08A954540054247B /* Debug */ = {
			isa = XCBuildConfiguration;
			buildSettings = {
				ARCHS = "$(ARCHS_STANDARD_32_BIT)";
				"CODE_SIGN_IDENTITY[sdk=iphoneos*]" = "iPhone Developer";
				GCC_C_LANGUAGE_STANDARD = c99;
				GCC_WARN_ABOUT_RETURN_TYPE = YES;
				GCC_WARN_UNUSED_VARIABLE = YES;
				PREBINDING = NO;
				SDKROOT = iphoneos4.1;
			};
			name = Debug;
		};
		C01FCF5008A954540054247B /* Release */ = {
			isa = XCBuildConfiguration;
			buildSettings = {
				ARCHS = "$(ARCHS_STANDARD_32_BIT)";
				"CODE_SIGN_IDENTITY[sdk=iphoneos*]" = "iPhone Developer";
				GCC_C_LANGUAGE_STANDARD = c99;
				GCC_WARN_ABOUT_RETURN_TYPE = YES;
				GCC_WARN_UNUSED_VARIABLE = YES;
				PREBINDING = NO;
				SDKROOT = iphoneos4.2;
			};
			name = Release;
		};
/* End XCBuildConfiguration section */

/* Begin XCConfigurationList section */
		1D6058960D05DD3E006BFB54 /* Build configuration list for PBXNativeTarget "Simple RPG OLD" */ = {
			isa = XCConfigurationList;
			buildConfigurations = (
				1D6058940D05DD3E006BFB54 /* Debug */,
				1D6058950D05DD3E006BFB54 /* Release */,
			);
			defaultConfigurationIsVisible = 0;
			defaultConfigurationName = Release;
		};
		C01FCF4E08A954540054247B /* Build configuration list for PBXProject "Simple RPG" */ = {
			isa = XCConfigurationList;
			buildConfigurations = (
				C01FCF4F08A954540054247B /* Debug */,
				C01FCF5008A954540054247B /* Release */,
			);
			defaultConfigurationIsVisible = 0;
			defaultConfigurationName = Release;
		};
/* End XCConfigurationList section */
	};
	rootObject = 29B97313FDCFA39411CA2CEA /* Project object */;
}
